
Microsoft Visual Studio Solution File, Format Version 12.00
# Visual Studio Version 17
VisualStudioVersion = 17.0.31903.59
MinimumVisualStudioVersion = 10.0.40219.1
Project("{2150E333-8FDC-42A3-9474-1A3956D46DE8}") = "src", "src", "{FD0BCB4B-1084-48FC-A2CC-60B04E7309A2}"
EndProject
Project("{FAE04EC0-301F-11D3-BF4B-00C04F79EFBC}") = "ScrewTweaks.PowerFactor", "src\ScrewTweaks.PowerFactor\ScrewTweaks.PowerFactor.csproj", "{8D4C9C48-DFC0-4647-8636-63EB1657B942}"
EndProject
Project("{FAE04EC0-301F-11D3-BF4B-00C04F79EFBC}") = "ScrewTweaks.AutoShift", "src\ScrewTweaks.AutoShift\ScrewTweaks.AutoShift.csproj", "{83BC8399-FCFA-42DF-9C14-B9B9C1A57B7A}"
EndProject
Project("{FAE04EC0-301F-11D3-BF4B-00C04F79EFBC}") = "ScrewTweaks.EngineSound", "src\ScrewTweaks.EngineSound\ScrewTweaks.EngineSound.csproj", "{28458417-1753-4700-BF66-F38054509612}"
EndProject
Project("{FAE04EC0-301F-11D3-BF4B-00C04F79EFBC}") = "ScrewTweaks.Steering", "src\ScrewTweaks.Steering\ScrewTweaks.Steering.csproj", "{F739E5A8-40BB-45E0-A222-E7C77370C6A8}"
EndProject
Project("{FAE04EC0-301F-11D3-BF4B-00C04F79EFBC}") = "ScrewTweaks.ECU", "src\ScrewTweaks.ECU\ScrewTweaks.ECU.csproj", "{A5C6D3D1-4400-445D-A506-2FF4C766CF43}"
EndProject
Project("{FAE04EC0-301F-11D3-BF4B-00C04F79EFBC}") = "ScrewTweaks.Panel", "src\ScrewTweaks.Panel\ScrewTweaks.Panel.csproj", "{0B6AEAEF-3C98-40DD-AA92-0B79B96104F1}"
EndProject
Project("{FAE04EC0-301F-11D3-BF4B-00C04F79EFBC}") = "ScrewTweaks.Physics.Tires", "src\ScrewTweaks.Physics.Tires\ScrewTweaks.Physics.Tires.csproj", "{4D8B79F6-73A6-46FA-B3E0-8490948CD606}"
EndProject
Project("{FAE04EC0-301F-11D3-BF4B-00C04F79EFBC}") = "ScrewTweaks.Physics.Suspension", "src\ScrewTweaks.Physics.Suspension\ScrewTweaks.Physics.Suspension.csproj", "{F73A8E85-B5FE-4BE3-881D-50B8B11097D3}"
EndProject
Global
	GlobalSection(SolutionConfigurationPlatforms) = preSolution
		Debug|Any CPU = Debug|Any CPU
		Release|Any CPU = Release|Any CPU
	EndGlobalSection
	GlobalSection(SolutionProperties) = preSolution
		HideSolutionNode = FALSE
	EndGlobalSection
	GlobalSection(ProjectConfigurationPlatforms) = postSolution
		{8D4C9C48-DFC0-4647-8636-63EB1657B942}.Debug|Any CPU.ActiveCfg = Debug|Any CPU
		{8D4C9C48-DFC0-4647-8636-63EB1657B942}.Debug|Any CPU.Build.0 = Debug|Any CPU
		{8D4C9C48-DFC0-4647-8636-63EB1657B942}.Release|Any CPU.ActiveCfg = Release|Any CPU
		{8D4C9C48-DFC0-4647-8636-63EB1657B942}.Release|Any CPU.Build.0 = Release|Any CPU
		{83BC8399-FCFA-42DF-9C14-B9B9C1A57B7A}.Debug|Any CPU.ActiveCfg = Debug|Any CPU
		{83BC8399-FCFA-42DF-9C14-B9B9C1A57B7A}.Debug|Any CPU.Build.0 = Debug|Any CPU
		{83BC8399-FCFA-42DF-9C14-B9B9C1A57B7A}.Release|Any CPU.ActiveCfg = Release|Any CPU
		{83BC8399-FCFA-42DF-9C14-B9B9C1A57B7A}.Release|Any CPU.Build.0 = Release|Any CPU
		{28458417-1753-4700-BF66-F38054509612}.Debug|Any CPU.ActiveCfg = Debug|Any CPU
		{28458417-1753-4700-BF66-F38054509612}.Debug|Any CPU.Build.0 = Debug|Any CPU
		{28458417-1753-4700-BF66-F38054509612}.Release|Any CPU.ActiveCfg = Release|Any CPU
		{28458417-1753-4700-BF66-F38054509612}.Release|Any CPU.Build.0 = Release|Any CPU
		{F739E5A8-40BB-45E0-A222-E7C77370C6A8}.Debug|Any CPU.ActiveCfg = Debug|Any CPU
		{F739E5A8-40BB-45E0-A222-E7C77370C6A8}.Debug|Any CPU.Build.0 = Debug|Any CPU
		{F739E5A8-40BB-45E0-A222-E7C77370C6A8}.Release|Any CPU.ActiveCfg = Release|Any CPU
		{F739E5A8-40BB-45E0-A222-E7C77370C6A8}.Release|Any CPU.Build.0 = Release|Any CPU
		{A5C6D3D1-4400-445D-A506-2FF4C766CF43}.Debug|Any CPU.ActiveCfg = Debug|Any CPU
		{A5C6D3D1-4400-445D-A506-2FF4C766CF43}.Debug|Any CPU.Build.0 = Debug|Any CPU
		{A5C6D3D1-4400-445D-A506-2FF4C766CF43}.Release|Any CPU.ActiveCfg = Release|Any CPU
		{A5C6D3D1-4400-445D-A506-2FF4C766CF43}.Release|Any CPU.Build.0 = Release|Any CPU
		{0B6AEAEF-3C98-40DD-AA92-0B79B96104F1}.Debug|Any CPU.ActiveCfg = Debug|Any CPU
		{0B6AEAEF-3C98-40DD-AA92-0B79B96104F1}.Debug|Any CPU.Build.0 = Debug|Any CPU
		{0B6AEAEF-3C98-40DD-AA92-0B79B96104F1}.Release|Any CPU.ActiveCfg = Release|Any CPU
		{0B6AEAEF-3C98-40DD-AA92-0B79B96104F1}.Release|Any CPU.Build.0 = Release|Any CPU
		{4D8B79F6-73A6-46FA-B3E0-8490948CD606}.Debug|Any CPU.ActiveCfg = Debug|Any CPU
		{4D8B79F6-73A6-46FA-B3E0-8490948CD606}.Debug|Any CPU.Build.0 = Debug|Any CPU
		{4D8B79F6-73A6-46FA-B3E0-8490948CD606}.Release|Any CPU.ActiveCfg = Release|Any CPU
		{4D8B79F6-73A6-46FA-B3E0-8490948CD606}.Release|Any CPU.Build.0 = Release|Any CPU
		{F73A8E85-B5FE-4BE3-881D-50B8B11097D3}.Debug|Any CPU.ActiveCfg = Debug|Any CPU
		{F73A8E85-B5FE-4BE3-881D-50B8B11097D3}.Debug|Any CPU.Build.0 = Debug|Any CPU
		{F73A8E85-B5FE-4BE3-881D-50B8B11097D3}.Release|Any CPU.ActiveCfg = Release|Any CPU
		{F73A8E85-B5FE-4BE3-881D-50B8B11097D3}.Release|Any CPU.Build.0 = Release|Any CPU
	EndGlobalSection
	GlobalSection(NestedProjects) = preSolution
		{8D4C9C48-DFC0-4647-8636-63EB1657B942} = {FD0BCB4B-1084-48FC-A2CC-60B04E7309A2}
		{83BC8399-FCFA-42DF-9C14-B9B9C1A57B7A} = {FD0BCB4B-1084-48FC-A2CC-60B04E7309A2}
		{28458417-1753-4700-BF66-F38054509612} = {FD0BCB4B-1084-48FC-A2CC-60B04E7309A2}
		{F739E5A8-40BB-45E0-A222-E7C77370C6A8} = {FD0BCB4B-1084-48FC-A2CC-60B04E7309A2}
		{A5C6D3D1-4400-445D-A506-2FF4C766CF43} = {FD0BCB4B-1084-48FC-A2CC-60B04E7309A2}
		{0B6AEAEF-3C98-40DD-AA92-0B79B96104F1} = {FD0BCB4B-1084-48FC-A2CC-60B04E7309A2}
		{4D8B79F6-73A6-46FA-B3E0-8490948CD606} = {FD0BCB4B-1084-48FC-A2CC-60B04E7309A2}
		{F73A8E85-B5FE-4BE3-881D-50B8B11097D3} = {FD0BCB4B-1084-48FC-A2CC-60B04E7309A2}
	EndGlobalSection
EndGlobal
